PODS:
  - FlutterMacOS (1.0.0)
  - liostunnel_ffi (0.0.1):
    - FlutterMacOS

DEPENDENCIES:
  - FlutterMacOS (from `Flutter/ephemeral`)
  - liostunnel_ffi (from `Flutter/ephemeral/.symlinks/plugins/liostunnel_ffi/macos`)

EXTERNAL SOURCES:
  FlutterMacOS:
    :path: Flutter/ephemeral
  liostunnel_ffi:
    :path: Flutter/ephemeral/.symlinks/plugins/liostunnel_ffi/macos

SPEC CHECKSUMS:
  FlutterMacOS: d0db08ddef1a9af05a5ec4b724367152bb0500b1
  liostunnel_ffi: d1cbb07ccb3159a601e8838ef909329637605e49

PODFILE CHECKSUM: 54d867c82ac51cbd61b565781b9fada492027009

COCOAPODS: 1.16.2
